{
  "name": "asscroll",
  "version": "1.0.0",
  "lockfileVersion": 1,
  "requires": true,
  "dependencies": {
    "@unseenco/e": {
      "version": "1.3.6",
      "resolved": "https://registry.npmjs.org/@unseenco/e/-/e-1.3.6.tgz",
      "integrity": "sha512-VUIWcg6KxkweFeCN/OYMbQkrmGhePvaPETJoB29VTAt+C9pRXnkmaNeDU8SrWpIqQ3ymIjWoDQ1U4csY1OOOBQ==",
      "dev": true,
      "requires": {
        "selector-set": "^1.1.4"
      }
    },
    "selector-set": {
      "version": "1.1.5",
      "resolved": "https://registry.npmjs.org/selector-set/-/selector-set-1.1.5.tgz",
      "integrity": "sha512-6SQw6yMew5iOZ8/cDHDEnJWRM4ot2mxP6szZyF5ptrBogw4AcS4EXRj/8BUfgAMwVfdL84qpModlBMOl2NVrsQ==",
      "dev": true
    }
  }
}
